
Microsoft Visual Studio Solution File, Format Version 12.00
# Visual Studio 15
VisualStudioVersion = 15.0.28307.421
MinimumVisualStudioVersion = 10.0.40219.1
Project("{9A19103F-16F7-4668-BE54-9A1E7A4F7556}") = "ColorSharp", "ColorSharp\ColorSharp.csproj", "{73BEE6A9-5C97-4CFF-9B3A-7D9BF08B2483}"
EndProject
Project("{2150E333-8FDC-42A3-9474-1A3956D46DE8}") = "src", "src", "{190C36E7-C190-4DC5-BF09-E8CCBE1FF9C0}"
EndProject
Project("{2150E333-8FDC-42A3-9474-1A3956D46DE8}") = "test", "test", "{ACD3D64A-6FD5-4FD2-A299-94BDF93B2D59}"
EndProject
Project("{FAE04EC0-301F-11D3-BF4B-00C04F79EFBC}") = "ColorSharp.Tests", "ColorSharp.Tests\ColorSharp.Tests.csproj", "{1C5250A4-FC3B-4DB5-AF0F-888381BCE18C}"
EndProject
Global
	GlobalSection(SolutionConfigurationPlatforms) = preSolution
		Debug|Any CPU = Debug|Any CPU
		Release|Any CPU = Release|Any CPU
	EndGlobalSection
	GlobalSection(ProjectConfigurationPlatforms) = postSolution
		{73BEE6A9-5C97-4CFF-9B3A-7D9BF08B2483}.Debug|Any CPU.ActiveCfg = Debug|Any CPU
		{73BEE6A9-5C97-4CFF-9B3A-7D9BF08B2483}.Debug|Any CPU.Build.0 = Debug|Any CPU
		{73BEE6A9-5C97-4CFF-9B3A-7D9BF08B2483}.Release|Any CPU.ActiveCfg = Release|Any CPU
		{73BEE6A9-5C97-4CFF-9B3A-7D9BF08B2483}.Release|Any CPU.Build.0 = Release|Any CPU
		{1C5250A4-FC3B-4DB5-AF0F-888381BCE18C}.Debug|Any CPU.ActiveCfg = Debug|Any CPU
		{1C5250A4-FC3B-4DB5-AF0F-888381BCE18C}.Debug|Any CPU.Build.0 = Debug|Any CPU
		{1C5250A4-FC3B-4DB5-AF0F-888381BCE18C}.Release|Any CPU.ActiveCfg = Release|Any CPU
		{1C5250A4-FC3B-4DB5-AF0F-888381BCE18C}.Release|Any CPU.Build.0 = Release|Any CPU
	EndGlobalSection
	GlobalSection(SolutionProperties) = preSolution
		HideSolutionNode = FALSE
	EndGlobalSection
	GlobalSection(NestedProjects) = preSolution
		{73BEE6A9-5C97-4CFF-9B3A-7D9BF08B2483} = {190C36E7-C190-4DC5-BF09-E8CCBE1FF9C0}
		{1C5250A4-FC3B-4DB5-AF0F-888381BCE18C} = {ACD3D64A-6FD5-4FD2-A299-94BDF93B2D59}
	EndGlobalSection
	GlobalSection(ExtensibilityGlobals) = postSolution
		SolutionGuid = {FB1BEC89-1959-45DA-B368-08D3F1900413}
	EndGlobalSection
EndGlobal
